
Microsoft Visual Studio Solution File, Format Version 12.00
# Visual Studio 15
VisualStudioVersion = 15.0.26403.7
MinimumVisualStudioVersion = 10.0.40219.1
Project("{FAE04EC0-301F-11D3-BF4B-00C04F79EFBC}") = "Emulator", "Emulator\Emulator.csproj", "{4ACEBBDB-CACD-42BE-981A-E3CB0A7420BC}"
EndProject
Project("{FAE04EC0-301F-11D3-BF4B-00C04F79EFBC}") = "WebJobs", "WebJobs\WebJobs.csproj", "{16FF3249-72D5-4BF3-8D42-4EE00E88B952}"
EndProject
Project("{FAE04EC0-301F-11D3-BF4B-00C04F79EFBC}") = "IoT", "IoT\IoT.csproj", "{D7C5F6CC-7E4B-49C9-AEFF-EC7EA67F5D14}"
EndProject
Project("{FAE04EC0-301F-11D3-BF4B-00C04F79EFBC}") = "Data", "Data\Data.csproj", "{2FBCF36E-D103-4023-B625-899E3C7BB85D}"
EndProject
Project("{9A19103F-16F7-4668-BE54-9A1E7A4F7556}") = "Portal", "Portal\Portal.csproj", "{C91654BF-48C6-418F-81A9-3EA62AE252B0}"
EndProject
Global
	GlobalSection(SolutionConfigurationPlatforms) = preSolution
		Debug|Any CPU = Debug|Any CPU
		Release|Any CPU = Release|Any CPU
	EndGlobalSection
	GlobalSection(ProjectConfigurationPlatforms) = postSolution
		{4ACEBBDB-CACD-42BE-981A-E3CB0A7420BC}.Debug|Any CPU.ActiveCfg = Debug|Any CPU
		{4ACEBBDB-CACD-42BE-981A-E3CB0A7420BC}.Debug|Any CPU.Build.0 = Debug|Any CPU
		{4ACEBBDB-CACD-42BE-981A-E3CB0A7420BC}.Release|Any CPU.ActiveCfg = Release|Any CPU
		{4ACEBBDB-CACD-42BE-981A-E3CB0A7420BC}.Release|Any CPU.Build.0 = Release|Any CPU
		{16FF3249-72D5-4BF3-8D42-4EE00E88B952}.Debug|Any CPU.ActiveCfg = Debug|Any CPU
		{16FF3249-72D5-4BF3-8D42-4EE00E88B952}.Debug|Any CPU.Build.0 = Debug|Any CPU
		{16FF3249-72D5-4BF3-8D42-4EE00E88B952}.Release|Any CPU.ActiveCfg = Release|Any CPU
		{16FF3249-72D5-4BF3-8D42-4EE00E88B952}.Release|Any CPU.Build.0 = Release|Any CPU
		{D7C5F6CC-7E4B-49C9-AEFF-EC7EA67F5D14}.Debug|Any CPU.ActiveCfg = Debug|Any CPU
		{D7C5F6CC-7E4B-49C9-AEFF-EC7EA67F5D14}.Debug|Any CPU.Build.0 = Debug|Any CPU
		{D7C5F6CC-7E4B-49C9-AEFF-EC7EA67F5D14}.Release|Any CPU.ActiveCfg = Release|Any CPU
		{D7C5F6CC-7E4B-49C9-AEFF-EC7EA67F5D14}.Release|Any CPU.Build.0 = Release|Any CPU
		{2FBCF36E-D103-4023-B625-899E3C7BB85D}.Debug|Any CPU.ActiveCfg = Debug|Any CPU
		{2FBCF36E-D103-4023-B625-899E3C7BB85D}.Debug|Any CPU.Build.0 = Debug|Any CPU
		{2FBCF36E-D103-4023-B625-899E3C7BB85D}.Release|Any CPU.ActiveCfg = Release|Any CPU
		{2FBCF36E-D103-4023-B625-899E3C7BB85D}.Release|Any CPU.Build.0 = Release|Any CPU
		{C91654BF-48C6-418F-81A9-3EA62AE252B0}.Debug|Any CPU.ActiveCfg = Debug|Any CPU
		{C91654BF-48C6-418F-81A9-3EA62AE252B0}.Debug|Any CPU.Build.0 = Debug|Any CPU
		{C91654BF-48C6-418F-81A9-3EA62AE252B0}.Release|Any CPU.ActiveCfg = Release|Any CPU
		{C91654BF-48C6-418F-81A9-3EA62AE252B0}.Release|Any CPU.Build.0 = Release|Any CPU
	EndGlobalSection
	GlobalSection(SolutionProperties) = preSolution
		HideSolutionNode = FALSE
	EndGlobalSection
	GlobalSection(ExtensibilityGlobals) = postSolution
		EnterpriseLibraryConfigurationToolBinariesPathV6 = packages\EnterpriseLibrary.TransientFaultHandling.6.0.1304.0\lib\portable-net45+win+wp8
	EndGlobalSection
EndGlobal
